
Microsoft Visual Studio Solution File, Format Version 12.00
# Visual Studio Version 17
VisualStudioVersion = 17.9.34701.34
MinimumVisualStudioVersion = 10.0.40219.1
Project("{FAE04EC0-301F-11D3-BF4B-00C04F79EFBC}") = "ProTine.Server", "ProTine.Server\ProTine.Server.csproj", "{B242D20E-8DCF-4B69-9BD6-CB54C1CD1DC4}"
EndProject
Project("{54A90642-561A-4BB1-A94E-469ADEE60C69}") = "protine.client", "protine.client\protine.client.esproj", "{77180727-AF11-4500-A9EA-B82389C0DFC7}"
EndProject
Global
	GlobalSection(SolutionConfigurationPlatforms) = preSolution
		Debug|Any CPU = Debug|Any CPU
		Release|Any CPU = Release|Any CPU
	EndGlobalSection
	GlobalSection(ProjectConfigurationPlatforms) = postSolution
		{B242D20E-8DCF-4B69-9BD6-CB54C1CD1DC4}.Debug|Any CPU.ActiveCfg = Debug|Any CPU
		{B242D20E-8DCF-4B69-9BD6-CB54C1CD1DC4}.Debug|Any CPU.Build.0 = Debug|Any CPU
		{B242D20E-8DCF-4B69-9BD6-CB54C1CD1DC4}.Release|Any CPU.ActiveCfg = Release|Any CPU
		{B242D20E-8DCF-4B69-9BD6-CB54C1CD1DC4}.Release|Any CPU.Build.0 = Release|Any CPU
		{77180727-AF11-4500-A9EA-B82389C0DFC7}.Debug|Any CPU.ActiveCfg = Debug|Any CPU
		{77180727-AF11-4500-A9EA-B82389C0DFC7}.Debug|Any CPU.Build.0 = Debug|Any CPU
		{77180727-AF11-4500-A9EA-B82389C0DFC7}.Debug|Any CPU.Deploy.0 = Debug|Any CPU
		{77180727-AF11-4500-A9EA-B82389C0DFC7}.Release|Any CPU.ActiveCfg = Release|Any CPU
		{77180727-AF11-4500-A9EA-B82389C0DFC7}.Release|Any CPU.Build.0 = Release|Any CPU
		{77180727-AF11-4500-A9EA-B82389C0DFC7}.Release|Any CPU.Deploy.0 = Release|Any CPU
	EndGlobalSection
	GlobalSection(SolutionProperties) = preSolution
		HideSolutionNode = FALSE
	EndGlobalSection
	GlobalSection(ExtensibilityGlobals) = postSolution
		SolutionGuid = {03FCCB8C-555B-462B-B6EB-CF5025731D40}
	EndGlobalSection
EndGlobal
